Microsoft Visual Studio Solution File, Format Version 8.00
Project("{8BC9CEB8-8B4A-11D0-8D11-00A0C91BC942}") = "installer", "win32_installer\installer.vcproj", "{AED959B9-7BBF-45E7-B6B9-3F38891AA663}"
	ProjectSection(ProjectDependencies) = postProject
		{9B523112-6FA5-4533-A01C-88AD94E5C856} = {9B523112-6FA5-4533-A01C-88AD94E5C856}
		{84E3981B-6049-478A-BB8C-71BC75DFB8EA} = {84E3981B-6049-478A-BB8C-71BC75DFB8EA}
		{FB9A1B36-98B9-4741-B460-9FB505D5FEDF} = {FB9A1B36-98B9-4741-B460-9FB505D5FEDF}
		{A0BA9D47-E8FC-4E8C-AD8C-642B1F45F1F3} = {A0BA9D47-E8FC-4E8C-AD8C-642B1F45F1F3}
		{EA7E874D-D7ED-4DAC-B8F8-75917A53A1E2} = {EA7E874D-D7ED-4DAC-B8F8-75917A53A1E2}
		{40673460-AD38-42EA-BB87-65AAD770DD20} = {40673460-AD38-42EA-BB87-65AAD770DD20}
		{72B831D6-7CFF-4614-990C-3DA015146765} = {72B831D6-7CFF-4614-990C-3DA015146765}
		{92CA66E9-1B93-4569-AFD5-07E9C3634B36} = {92CA66E9-1B93-4569-AFD5-07E9C3634B36}
	EndProjectSection
EndProject
Project("{8BC9CEB8-8B4A-11D0-8D11-00A0C91BC942}") = "PlasmaLenz_scr", "src\PlasmaLenz\msvc\scr\PlasmaLenz_scr.vcproj", "{40673460-AD38-42EA-BB87-65AAD770DD20}"
	ProjectSection(ProjectDependencies) = postProject
	EndProjectSection
EndProject
Project("{8BC9CEB8-8B4A-11D0-8D11-00A0C91BC942}") = "PlasmaLenz_redirector", "src\PlasmaLenz\msvc\redirector\PlasmaLenz_redirector.vcproj", "{EA7E874D-D7ED-4DAC-B8F8-75917A53A1E2}"
	ProjectSection(ProjectDependencies) = postProject
	EndProjectSection
EndProject
Project("{8BC9CEB8-8B4A-11D0-8D11-00A0C91BC942}") = "Randomizer_scr", "src\Randomizer\msvc\scr\Randomizer_scr.vcproj", "{9B523112-6FA5-4533-A01C-88AD94E5C856}"
	ProjectSection(ProjectDependencies) = postProject
	EndProjectSection
EndProject
Project("{8BC9CEB8-8B4A-11D0-8D11-00A0C91BC942}") = "Randomizer_redirector", "src\Randomizer\msvc\redirector\Randomizer_redirector.vcproj", "{FB9A1B36-98B9-4741-B460-9FB505D5FEDF}"
	ProjectSection(ProjectDependencies) = postProject
	EndProjectSection
EndProject
Project("{8BC9CEB8-8B4A-11D0-8D11-00A0C91BC942}") = "Crawlies_redirector", "src\Crawlies\msvc\redirector\Crawlies_redirector.vcproj", "{84E3981B-6049-478A-BB8C-71BC75DFB8EA}"
	ProjectSection(ProjectDependencies) = postProject
	EndProjectSection
EndProject
Project("{8BC9CEB8-8B4A-11D0-8D11-00A0C91BC942}") = "Crawlies_scr", "src\Crawlies\msvc\scr\Crawlies_scr.vcproj", "{72B831D6-7CFF-4614-990C-3DA015146765}"
	ProjectSection(ProjectDependencies) = postProject
	EndProjectSection
EndProject
Project("{8BC9CEB8-8B4A-11D0-8D11-00A0C91BC942}") = "AcidRain_redirector", "src\AcidRain\msvc\redirector\AcidRain_redirector.vcproj", "{A0BA9D47-E8FC-4E8C-AD8C-642B1F45F1F3}"
	ProjectSection(ProjectDependencies) = postProject
	EndProjectSection
EndProject
Project("{8BC9CEB8-8B4A-11D0-8D11-00A0C91BC942}") = "AcidRain_scr", "src\AcidRain\msvc\scr\AcidRain_scr.vcproj", "{92CA66E9-1B93-4569-AFD5-07E9C3634B36}"
	ProjectSection(ProjectDependencies) = postProject
	EndProjectSection
EndProject
Global
	GlobalSection(SolutionConfiguration) = preSolution
		Debug = Debug
		Release = Release
	EndGlobalSection
	GlobalSection(ProjectConfiguration) = postSolution
		{AED959B9-7BBF-45E7-B6B9-3F38891AA663}.Debug.ActiveCfg = Debug|Win32
		{AED959B9-7BBF-45E7-B6B9-3F38891AA663}.Release.ActiveCfg = Release|Win32
		{AED959B9-7BBF-45E7-B6B9-3F38891AA663}.Release.Build.0 = Release|Win32
		{40673460-AD38-42EA-BB87-65AAD770DD20}.Debug.ActiveCfg = Debug|Win32
		{40673460-AD38-42EA-BB87-65AAD770DD20}.Debug.Build.0 = Debug|Win32
		{40673460-AD38-42EA-BB87-65AAD770DD20}.Release.ActiveCfg = Release|Win32
		{40673460-AD38-42EA-BB87-65AAD770DD20}.Release.Build.0 = Release|Win32
		{EA7E874D-D7ED-4DAC-B8F8-75917A53A1E2}.Debug.ActiveCfg = Debug|Win32
		{EA7E874D-D7ED-4DAC-B8F8-75917A53A1E2}.Debug.Build.0 = Debug|Win32
		{EA7E874D-D7ED-4DAC-B8F8-75917A53A1E2}.Release.ActiveCfg = Release|Win32
		{EA7E874D-D7ED-4DAC-B8F8-75917A53A1E2}.Release.Build.0 = Release|Win32
		{9B523112-6FA5-4533-A01C-88AD94E5C856}.Debug.ActiveCfg = Debug|Win32
		{9B523112-6FA5-4533-A01C-88AD94E5C856}.Debug.Build.0 = Debug|Win32
		{9B523112-6FA5-4533-A01C-88AD94E5C856}.Release.ActiveCfg = Release|Win32
		{9B523112-6FA5-4533-A01C-88AD94E5C856}.Release.Build.0 = Release|Win32
		{FB9A1B36-98B9-4741-B460-9FB505D5FEDF}.Debug.ActiveCfg = Debug|Win32
		{FB9A1B36-98B9-4741-B460-9FB505D5FEDF}.Debug.Build.0 = Debug|Win32
		{FB9A1B36-98B9-4741-B460-9FB505D5FEDF}.Release.ActiveCfg = Release|Win32
		{FB9A1B36-98B9-4741-B460-9FB505D5FEDF}.Release.Build.0 = Release|Win32
		{84E3981B-6049-478A-BB8C-71BC75DFB8EA}.Debug.ActiveCfg = Debug|Win32
		{84E3981B-6049-478A-BB8C-71BC75DFB8EA}.Debug.Build.0 = Debug|Win32
		{84E3981B-6049-478A-BB8C-71BC75DFB8EA}.Release.ActiveCfg = Release|Win32
		{84E3981B-6049-478A-BB8C-71BC75DFB8EA}.Release.Build.0 = Release|Win32
		{72B831D6-7CFF-4614-990C-3DA015146765}.Debug.ActiveCfg = Debug|Win32
		{72B831D6-7CFF-4614-990C-3DA015146765}.Debug.Build.0 = Debug|Win32
		{72B831D6-7CFF-4614-990C-3DA015146765}.Release.ActiveCfg = Release|Win32
		{72B831D6-7CFF-4614-990C-3DA015146765}.Release.Build.0 = Release|Win32
		{A0BA9D47-E8FC-4E8C-AD8C-642B1F45F1F3}.Debug.ActiveCfg = Debug|Win32
		{A0BA9D47-E8FC-4E8C-AD8C-642B1F45F1F3}.Debug.Build.0 = Debug|Win32
		{A0BA9D47-E8FC-4E8C-AD8C-642B1F45F1F3}.Release.ActiveCfg = Release|Win32
		{A0BA9D47-E8FC-4E8C-AD8C-642B1F45F1F3}.Release.Build.0 = Release|Win32
		{92CA66E9-1B93-4569-AFD5-07E9C3634B36}.Debug.ActiveCfg = Debug|Win32
		{92CA66E9-1B93-4569-AFD5-07E9C3634B36}.Debug.Build.0 = Debug|Win32
		{92CA66E9-1B93-4569-AFD5-07E9C3634B36}.Release.ActiveCfg = Release|Win32
		{92CA66E9-1B93-4569-AFD5-07E9C3634B36}.Release.Build.0 = Release|Win32
	EndGlobalSection
	GlobalSection(ExtensibilityGlobals) = postSolution
	EndGlobalSection
	GlobalSection(ExtensibilityAddIns) = postSolution
	EndGlobalSection
EndGlobal
